
Microsoft Visual Studio Solution File, Format Version 12.00
# Visual Studio Version 17
VisualStudioVersion = 17.8.34330.188
MinimumVisualStudioVersion = 10.0.40219.1
Project("{FAE04EC0-301F-11D3-BF4B-00C04F79EFBC}") = "RentTOPSIS", "RentTOPSIS\RentTOPSIS.csproj", "{7FD6C190-F3F9-415C-9557-5C4CF532809F}"
EndProject
Global
	GlobalSection(SolutionConfigurationPlatforms) = preSolution
		Debug|Any CPU = Debug|Any CPU
		Release|Any CPU = Release|Any CPU
	EndGlobalSection
	GlobalSection(ProjectConfigurationPlatforms) = postSolution
		{7FD6C190-F3F9-415C-9557-5C4CF532809F}.Debug|Any CPU.ActiveCfg = Debug|Any CPU
		{7FD6C190-F3F9-415C-9557-5C4CF532809F}.Debug|Any CPU.Build.0 = Debug|Any CPU
		{7FD6C190-F3F9-415C-9557-5C4CF532809F}.Release|Any CPU.ActiveCfg = Release|Any CPU
		{7FD6C190-F3F9-415C-9557-5C4CF532809F}.Release|Any CPU.Build.0 = Release|Any CPU
	EndGlobalSection
	GlobalSection(SolutionProperties) = preSolution
		HideSolutionNode = FALSE
	EndGlobalSection
	GlobalSection(ExtensibilityGlobals) = postSolution
		SolutionGuid = {2C888DC5-CF68-4F9B-88BC-BF2719C6FE3A}
	EndGlobalSection
EndGlobal
